
Microsoft Visual Studio Solution File, Format Version 12.00
# Visual Studio Version 16
VisualStudioVersion = 25.0.1706.14
MinimumVisualStudioVersion = 10.0.40219.1
Project("{FAE04EC0-301F-11D3-BF4B-00C04F79EFBC}") = "ExcelTools", "ExcelTools\ExcelTools.csproj", "{823EDFE3-A1E5-4E33-A7BB-76AEB235C153}"
EndProject
Project("{2150E333-8FDC-42A3-9474-1A3956D46DE8}") = "解决方案项", "解决方案项", "{AD969D8F-B23D-4DE7-8137-8F8B6322BC75}"
	ProjectSection(SolutionItems) = preProject
		.editorconfig = .editorconfig
	EndProjectSection
EndProject
Global
	GlobalSection(SolutionConfigurationPlatforms) = preSolution
		Debug|Any CPU = Debug|Any CPU
		Release|Any CPU = Release|Any CPU
	EndGlobalSection
	GlobalSection(ProjectConfigurationPlatforms) = postSolution
		{823EDFE3-A1E5-4E33-A7BB-76AEB235C153}.Debug|Any CPU.ActiveCfg = Debug|Any CPU
		{823EDFE3-A1E5-4E33-A7BB-76AEB235C153}.Debug|Any CPU.Build.0 = Debug|Any CPU
		{823EDFE3-A1E5-4E33-A7BB-76AEB235C153}.Release|Any CPU.ActiveCfg = Release|Any CPU
		{823EDFE3-A1E5-4E33-A7BB-76AEB235C153}.Release|Any CPU.Build.0 = Release|Any CPU
	EndGlobalSection
	GlobalSection(SolutionProperties) = preSolution
		HideSolutionNode = FALSE
	EndGlobalSection
	GlobalSection(ExtensibilityGlobals) = postSolution
		SolutionGuid = {46963ACF-E462-4517-8D3F-BFC0C09D3DD5}
	EndGlobalSection
EndGlobal
